# This file is autogenerated, do not edit; changes may be undone by the next 'dep ensure'.


[[projects]]
  name = "github.com/davecgh/go-spew"
  packages = ["spew"]
  revision = "8991bc29aa16c548c550c7ff78260e27b9ab7c73"
  version = "v1.1.1"

[[projects]]
  name = "github.com/pmezard/go-difflib"
  packages = ["difflib"]
  revision = "792786c7400a136282c1664665ae0a8db921c6c2"
  version = "v1.0.0"

[[projects]]
  name = "github.com/stretchr/testify"
  packages = ["assert"]
  revision = "f35b8ab0b5a2cef36673838d662e249dd9c94686"
  version = "v1.2.2"

[[projects]]
  branch = "master"
  name = "github.com/yi-jiayu/PRESENT.go"
  packages = ["."]
  revision = "3a4450fb5c2634b2fdc1443c3d0eef0538a529b1"

[[projects]]
  branch = "master"
  name = "golang.org/x/crypto"
  packages = ["blowfish"]
  revision = "182538f80094b6a8efaade63a8fd8e0d9d5843dd"

[solve-meta]
  analyzer-name = "dep"
  analyzer-version = 1
  inputs-digest = "c480c2d4cbdc249659b1d4596d9f9be08c771ecc476e0c0fc04b9dc74847bb40"
  solver-name = "gps-cdcl"
  solver-version = 1
